
Microsoft Visual Studio Solution File, Format Version 12.00
# Visual Studio Version 16
VisualStudioVersion = 16.0.29009.5
MinimumVisualStudioVersion = 10.0.40219.1
Project("{FAE04EC0-301F-11D3-BF4B-00C04F79EFBC}") = "ROMA400MMR", "ROMA400MMR\ROMA400MMR.csproj", "{4EAE01E5-033F-42F5-BF51-E9418FE27FF3}"
EndProject
Global
	GlobalSection(SolutionConfigurationPlatforms) = preSolution
		Debug|Any CPU = Debug|Any CPU
		Release|Any CPU = Release|Any CPU
	EndGlobalSection
	GlobalSection(ProjectConfigurationPlatforms) = postSolution
		{4EAE01E5-033F-42F5-BF51-E9418FE27FF3}.Debug|Any CPU.ActiveCfg = Debug|Any CPU
		{4EAE01E5-033F-42F5-BF51-E9418FE27FF3}.Debug|Any CPU.Build.0 = Debug|Any CPU
		{4EAE01E5-033F-42F5-BF51-E9418FE27FF3}.Release|Any CPU.ActiveCfg = Release|Any CPU
		{4EAE01E5-033F-42F5-BF51-E9418FE27FF3}.Release|Any CPU.Build.0 = Release|Any CPU
	EndGlobalSection
	GlobalSection(SolutionProperties) = preSolution
		HideSolutionNode = FALSE
	EndGlobalSection
	GlobalSection(ExtensibilityGlobals) = postSolution
		SolutionGuid = {AF2E7EE6-2318-4D79-88BE-B100C670F731}
	EndGlobalSection
EndGlobal
